
Microsoft Visual Studio Solution File, Format Version 12.00
# Visual Studio 15
VisualStudioVersion = 15.0.27428.2005
MinimumVisualStudioVersion = 10.0.40219.1
Project("{FAE04EC0-301F-11D3-BF4B-00C04F79EFBC}") = "BingoGame", "BingoGame\BingoGame.csproj", "{AF07A60F-D5DC-481E-9671-59B018AD20DC}"
EndProject
Global
	GlobalSection(SolutionConfigurationPlatforms) = preSolution
		Debug|Any CPU = Debug|Any CPU
		Release|Any CPU = Release|Any CPU
	EndGlobalSection
	GlobalSection(ProjectConfigurationPlatforms) = postSolution
		{AF07A60F-D5DC-481E-9671-59B018AD20DC}.Debug|Any CPU.ActiveCfg = Debug|Any CPU
		{AF07A60F-D5DC-481E-9671-59B018AD20DC}.Debug|Any CPU.Build.0 = Debug|Any CPU
		{AF07A60F-D5DC-481E-9671-59B018AD20DC}.Release|Any CPU.ActiveCfg = Release|Any CPU
		{AF07A60F-D5DC-481E-9671-59B018AD20DC}.Release|Any CPU.Build.0 = Release|Any CPU
	EndGlobalSection
	GlobalSection(SolutionProperties) = preSolution
		HideSolutionNode = FALSE
	EndGlobalSection
	GlobalSection(ExtensibilityGlobals) = postSolution
		SolutionGuid = {76EE2095-40A2-4AFA-AFEF-D60C04C30DE8}
	EndGlobalSection
EndGlobal
